<?xml version="1.0" encoding="utf-8"?>
<Project ToolsVersion="4.0" xmlns="http://schemas.microsoft.com/developer/msbuild/2003">
  <ItemGroup>
    <Filter Include="Source Files">
      <UniqueIdentifier>{4FC737F1-C7A5-4376-A066-2A32D752A2FF}</UniqueIdentifier>
      <Extensions>cpp;c;cc;cxx;c++;def;odl;idl;hpj;bat;asm;asmx</Extensions>
    </Filter>
    <Filter Include="Header Files">
      <UniqueIdentifier>{93995380-89BD-4b04-88EB-625FBE52EBFB}</UniqueIdentifier>
      <Extensions>h;hh;hpp;hxx;h++;hm;inl;inc;ipp;xsd</Extensions>
    </Filter>
    <Filter Include="Resource Files">
      <UniqueIdentifier>{67DA6AB6-F800-4c08-8B7A-83BB121AAD01}</UniqueIdentifier>
      <Extensions>rc;ico;cur;bmp;dlg;rc2;rct;bin;rgs;gif;jpg;jpeg;jpe;resx;tiff;tif;png;wav;mfcribbon-ms</Extensions>
    </Filter>
  </ItemGroup>
  <ItemGroup>
    <ClCompile Include="dll_main.cpp">
      <Filter>Source Files</Filter>
    </ClCompile>
    <ClCompile Include="sdk\interfaces\interfaces.cpp">
      <Filter>Source Files</Filter>
    </ClCompile>
    <ClCompile Include="handling\utils\netvar.cpp">
      <Filter>Source Files</Filter>
    </ClCompile>
    <ClCompile Include="hacks\misc\misc.cpp">
      <Filter>Source Files</Filter>
    </ClCompile>
    <ClCompile Include="handling\utils\variables.cpp">
      <Filter>Source Files</Filter>
    </ClCompile>
    <ClCompile Include="handling\hooks\hooks.cpp">
      <Filter>Source Files</Filter>
    </ClCompile>
    <ClCompile Include="handling\utils\vmt.cpp">
      <Filter>Source Files</Filter>
    </ClCompile>
    <ClCompile Include="handling\utils\memory.cpp">
      <Filter>Source Files</Filter>
    </ClCompile>
    <ClCompile Include="handling\utils\render.cpp">
      <Filter>Source Files</Filter>
    </ClCompile>
  </ItemGroup>
  <ItemGroup>
    <ClInclude Include="sdk\sdk.h">
      <Filter>Header Files</Filter>
    </ClInclude>
    <ClInclude Include="sdk\math\vector_3d.h">
      <Filter>Header Files</Filter>
    </ClInclude>
    <ClInclude Include="sdk\classes\entities.h">
      <Filter>Header Files</Filter>
    </ClInclude>
    <ClInclude Include="sdk\classes\color.h">
      <Filter>Header Files</Filter>
    </ClInclude>
    <ClInclude Include="sdk\classes\recv_table.h">
      <Filter>Header Files</Filter>
    </ClInclude>
    <ClInclude Include="sdk\interfaces\app_system.h">
      <Filter>Header Files</Filter>
    </ClInclude>
    <ClInclude Include="sdk\classes\client_class.h">
      <Filter>Header Files</Filter>
    </ClInclude>
    <ClInclude Include="sdk\interfaces\gui_surface.h">
      <Filter>Header Files</Filter>
    </ClInclude>
    <ClInclude Include="sdk\interfaces\interfaces.h">
      <Filter>Header Files</Filter>
    </ClInclude>
    <ClInclude Include="sdk\math\vector_2d.h">
      <Filter>Header Files</Filter>
    </ClInclude>
    <ClInclude Include="sdk\structs\int_rect.h">
      <Filter>Header Files</Filter>
    </ClInclude>
    <ClInclude Include="sdk\structs\vertex.h">
      <Filter>Header Files</Filter>
    </ClInclude>
    <ClInclude Include="sdk\interfaces\base_client_dll.h">
      <Filter>Header Files</Filter>
    </ClInclude>
    <ClInclude Include="handling\utils\netvar.h">
      <Filter>Header Files</Filter>
    </ClInclude>
    <ClInclude Include="hacks\hacks.h">
      <Filter>Header Files</Filter>
    </ClInclude>
    <ClInclude Include="hacks\misc\misc.h">
      <Filter>Header Files</Filter>
    </ClInclude>
    <ClInclude Include="handling\handling.h">
      <Filter>Header Files</Filter>
    </ClInclude>
    <ClInclude Include="handling\utils\macros.h">
      <Filter>Header Files</Filter>
    </ClInclude>
    <ClInclude Include="handling\utils\variables.h">
      <Filter>Header Files</Filter>
    </ClInclude>
    <ClInclude Include="handling\hooks\hooks.h">
      <Filter>Header Files</Filter>
    </ClInclude>
    <ClInclude Include="sdk\classes\user_cmd.h">
      <Filter>Header Files</Filter>
    </ClInclude>
    <ClInclude Include="sdk\interfaces\global_vars.h">
      <Filter>Header Files</Filter>
    </ClInclude>
    <ClInclude Include="handling\utils\vmt.h">
      <Filter>Header Files</Filter>
    </ClInclude>
    <ClInclude Include="sdk\interfaces\client_mode.h">
      <Filter>Header Files</Filter>
    </ClInclude>
    <ClInclude Include="handling\utils\memory.h">
      <Filter>Header Files</Filter>
    </ClInclude>
    <ClInclude Include="handling\utils\render.h">
      <Filter>Header Files</Filter>
    </ClInclude>
    <ClInclude Include="sdk\interfaces\engine_client.h">
      <Filter>Header Files</Filter>
    </ClInclude>
    <ClInclude Include="sdk\interfaces\gui_panel.h">
      <Filter>Header Files</Filter>
    </ClInclude>
  </ItemGroup>
</Project>